
Microsoft Visual Studio Solution File, Format Version 12.00
# Visual Studio 2013
VisualStudioVersion = 12.0.30110.0
MinimumVisualStudioVersion = 10.0.40219.1
Project("{FAE04EC0-301F-11D3-BF4B-00C04F79EFBC}") = "JollyRaft", "JollyRaft\JollyRaft.csproj", "{FE28A832-166A-43C5-B827-C869B069B9DE}"
EndProject
Project("{FAE04EC0-301F-11D3-BF4B-00C04F79EFBC}") = "JollyRaft.Tests", "JollyRaft.Tests\JollyRaft.Tests.csproj", "{F468E99B-9C86-4F64-BCE8-F136DD7F8661}"
EndProject
Project("{FAE04EC0-301F-11D3-BF4B-00C04F79EFBC}") = "SampleWebApplication.Tests", "Samples\SampleWebApplication.Tests.csproj", "{3EE83630-B280-4BF8-B98D-7E91FE5378A5}"
EndProject
Project("{FAE04EC0-301F-11D3-BF4B-00C04F79EFBC}") = "SampleWebApplication", "SampleWebApplication\SampleWebApplication.csproj", "{DB6D4B35-4742-4C14-BA69-B7E5A7CD75FB}"
EndProject
Global
	GlobalSection(SolutionConfigurationPlatforms) = preSolution
		Debug|Any CPU = Debug|Any CPU
		Release|Any CPU = Release|Any CPU
	EndGlobalSection
	GlobalSection(ProjectConfigurationPlatforms) = postSolution
		{FE28A832-166A-43C5-B827-C869B069B9DE}.Debug|Any CPU.ActiveCfg = Debug|Any CPU
		{FE28A832-166A-43C5-B827-C869B069B9DE}.Debug|Any CPU.Build.0 = Debug|Any CPU
		{FE28A832-166A-43C5-B827-C869B069B9DE}.Release|Any CPU.ActiveCfg = Release|Any CPU
		{FE28A832-166A-43C5-B827-C869B069B9DE}.Release|Any CPU.Build.0 = Release|Any CPU
		{F468E99B-9C86-4F64-BCE8-F136DD7F8661}.Debug|Any CPU.ActiveCfg = Debug|Any CPU
		{F468E99B-9C86-4F64-BCE8-F136DD7F8661}.Debug|Any CPU.Build.0 = Debug|Any CPU
		{F468E99B-9C86-4F64-BCE8-F136DD7F8661}.Release|Any CPU.ActiveCfg = Release|Any CPU
		{F468E99B-9C86-4F64-BCE8-F136DD7F8661}.Release|Any CPU.Build.0 = Release|Any CPU
		{3EE83630-B280-4BF8-B98D-7E91FE5378A5}.Debug|Any CPU.ActiveCfg = Debug|Any CPU
		{3EE83630-B280-4BF8-B98D-7E91FE5378A5}.Debug|Any CPU.Build.0 = Debug|Any CPU
		{3EE83630-B280-4BF8-B98D-7E91FE5378A5}.Release|Any CPU.ActiveCfg = Release|Any CPU
		{3EE83630-B280-4BF8-B98D-7E91FE5378A5}.Release|Any CPU.Build.0 = Release|Any CPU
		{DB6D4B35-4742-4C14-BA69-B7E5A7CD75FB}.Debug|Any CPU.ActiveCfg = Debug|Any CPU
		{DB6D4B35-4742-4C14-BA69-B7E5A7CD75FB}.Debug|Any CPU.Build.0 = Debug|Any CPU
		{DB6D4B35-4742-4C14-BA69-B7E5A7CD75FB}.Release|Any CPU.ActiveCfg = Release|Any CPU
		{DB6D4B35-4742-4C14-BA69-B7E5A7CD75FB}.Release|Any CPU.Build.0 = Release|Any CPU
	EndGlobalSection
	GlobalSection(SolutionProperties) = preSolution
		HideSolutionNode = FALSE
	EndGlobalSection
EndGlobal
